
Microsoft Visual Studio Solution File, Format Version 10.00
# Visual Studio 2008
Project("{F184B08F-C81C-45F6-A57F-5ABD9991F28F}") = "FSC_APP", "FSC_APP\FSC_APP.vbproj", "{3C6C3EFD-406B-450A-90BE-CC11DFA69CE2}"
EndProject
Global
	GlobalSection(SolutionConfigurationPlatforms) = preSolution
		Debug|Any CPU = Debug|Any CPU
		Release|Any CPU = Release|Any CPU
	EndGlobalSection
	GlobalSection(ProjectConfigurationPlatforms) = postSolution
		{3C6C3EFD-406B-450A-90BE-CC11DFA69CE2}.Debug|Any CPU.ActiveCfg = Debug|Any CPU
		{3C6C3EFD-406B-450A-90BE-CC11DFA69CE2}.Debug|Any CPU.Build.0 = Debug|Any CPU
		{3C6C3EFD-406B-450A-90BE-CC11DFA69CE2}.Release|Any CPU.ActiveCfg = Release|Any CPU
		{3C6C3EFD-406B-450A-90BE-CC11DFA69CE2}.Release|Any CPU.Build.0 = Release|Any CPU
	EndGlobalSection
	GlobalSection(SolutionProperties) = preSolution
		HideSolutionNode = FALSE
	EndGlobalSection
EndGlobal
